
Microsoft Visual Studio Solution File, Format Version 12.00
# Visual Studio Version 17
VisualStudioVersion = 17.9.34728.123
MinimumVisualStudioVersion = 10.0.40219.1
Project("{FAE04EC0-301F-11D3-BF4B-00C04F79EFBC}") = "noconsolec", "noconsolec\noconsolec.csproj", "{F37EB3C9-460A-4B4E-8F4B-28C2E961979D}"
EndProject
Project("{FAE04EC0-301F-11D3-BF4B-00C04F79EFBC}") = "noconsolew", "noconsolew\noconsolew.csproj", "{66448AAB-2E03-4C8F-AF5F-D008BA607FCD}"
EndProject
Project("{D954291E-2A0B-460D-934E-DC6B0785DB48}") = "noconsole-common", "noconsole-common\noconsole-common.shproj", "{D6D31882-6D29-4387-A24F-55A2F20BB63F}"
EndProject
Global
	GlobalSection(SolutionConfigurationPlatforms) = preSolution
		Debug|Any CPU = Debug|Any CPU
		Release|Any CPU = Release|Any CPU
	EndGlobalSection
	GlobalSection(ProjectConfigurationPlatforms) = postSolution
		{F37EB3C9-460A-4B4E-8F4B-28C2E961979D}.Debug|Any CPU.ActiveCfg = Debug|Any CPU
		{F37EB3C9-460A-4B4E-8F4B-28C2E961979D}.Debug|Any CPU.Build.0 = Debug|Any CPU
		{F37EB3C9-460A-4B4E-8F4B-28C2E961979D}.Release|Any CPU.ActiveCfg = Release|Any CPU
		{F37EB3C9-460A-4B4E-8F4B-28C2E961979D}.Release|Any CPU.Build.0 = Release|Any CPU
		{66448AAB-2E03-4C8F-AF5F-D008BA607FCD}.Debug|Any CPU.ActiveCfg = Debug|Any CPU
		{66448AAB-2E03-4C8F-AF5F-D008BA607FCD}.Debug|Any CPU.Build.0 = Debug|Any CPU
		{66448AAB-2E03-4C8F-AF5F-D008BA607FCD}.Release|Any CPU.ActiveCfg = Release|Any CPU
		{66448AAB-2E03-4C8F-AF5F-D008BA607FCD}.Release|Any CPU.Build.0 = Release|Any CPU
	EndGlobalSection
	GlobalSection(SolutionProperties) = preSolution
		HideSolutionNode = FALSE
	EndGlobalSection
	GlobalSection(ExtensibilityGlobals) = postSolution
		SolutionGuid = {277222F8-379F-4840-BEE0-C07C423D9BD1}
	EndGlobalSection
	GlobalSection(SharedMSBuildProjectFiles) = preSolution
		noconsole-common\noconsole-common.projitems*{66448aab-2e03-4c8f-af5f-d008ba607fcd}*SharedItemsImports = 4
		noconsole-common\noconsole-common.projitems*{d6d31882-6d29-4387-a24f-55a2f20bb63f}*SharedItemsImports = 13
		noconsole-common\noconsole-common.projitems*{f37eb3c9-460a-4b4e-8f4b-28c2e961979d}*SharedItemsImports = 4
	EndGlobalSection
EndGlobal
